
Microsoft Visual Studio Solution File, Format Version 12.00
# Visual Studio 15
VisualStudioVersion = 15.0.26730.12
MinimumVisualStudioVersion = 10.0.40219.1
Project("{2150E333-8FDC-42A3-9474-1A3956D46DE8}") = "KeraLua", "KeraLua", "{4A43DAAC-F9FF-4EB1-BFBD-FB4655CCE1F7}"
EndProject
Project("{D954291E-2A0B-460D-934E-DC6B0785DB48}") = "KeraLua.Shared", "src\KeraLua.Shared.shproj", "{BD205AD6-760E-48F3-BAB2-21447396BD17}"
EndProject
Project("{FAE04EC0-301F-11D3-BF4B-00C04F79EFBC}") = "KeraLua.TVOS", "build\TVOS\KeraLua.TVOS.csproj", "{9238F6AA-2D63-4804-99D1-C279871F5669}"
EndProject
Project("{FAE04EC0-301F-11D3-BF4B-00C04F79EFBC}") = "KeraLua.XamarinIOS", "build\iOS\KeraLua.XamarinIOS.csproj", "{8FAFDF62-E07E-487A-863C-74F308AE7BA6}"
EndProject
Project("{FAE04EC0-301F-11D3-BF4B-00C04F79EFBC}") = "KeraLua.XamarinMac", "build\macOS\KeraLua.XamarinMac.csproj", "{4E863C20-43C3-43A0-9678-8583B9614277}"
EndProject
Global
	GlobalSection(SharedMSBuildProjectFiles) = preSolution
		src\KeraLua.Core.projitems*{4e863c20-43c3-43a0-9678-8583b9614277}*SharedItemsImports = 4
		src\KeraLua.Core.projitems*{8fafdf62-e07e-487a-863c-74f308ae7ba6}*SharedItemsImports = 4
		src\KeraLua.Core.projitems*{9238f6aa-2d63-4804-99d1-c279871f5669}*SharedItemsImports = 4
		src\KeraLua.Core.projitems*{bd205ad6-760e-48f3-bab2-21447396bd17}*SharedItemsImports = 13
		src\KeraLua.Core.projitems*{bf6a650f-aa7a-4a08-8ada-08d9e73e1238}*SharedItemsImports = 4
	EndGlobalSection
	GlobalSection(SolutionConfigurationPlatforms) = preSolution
		Debug|Any CPU = Debug|Any CPU
		Release|Any CPU = Release|Any CPU
	EndGlobalSection
	GlobalSection(ProjectConfigurationPlatforms) = postSolution
		{9238F6AA-2D63-4804-99D1-C279871F5669}.Debug|Any CPU.ActiveCfg = Debug|Any CPU
		{9238F6AA-2D63-4804-99D1-C279871F5669}.Debug|Any CPU.Build.0 = Debug|Any CPU
		{9238F6AA-2D63-4804-99D1-C279871F5669}.Release|Any CPU.ActiveCfg = Release|Any CPU
		{9238F6AA-2D63-4804-99D1-C279871F5669}.Release|Any CPU.Build.0 = Release|Any CPU
		{8FAFDF62-E07E-487A-863C-74F308AE7BA6}.Debug|Any CPU.ActiveCfg = Debug|Any CPU
		{8FAFDF62-E07E-487A-863C-74F308AE7BA6}.Debug|Any CPU.Build.0 = Debug|Any CPU
		{8FAFDF62-E07E-487A-863C-74F308AE7BA6}.Release|Any CPU.ActiveCfg = Release|Any CPU
		{8FAFDF62-E07E-487A-863C-74F308AE7BA6}.Release|Any CPU.Build.0 = Release|Any CPU
		{4E863C20-43C3-43A0-9678-8583B9614277}.Debug|Any CPU.ActiveCfg = Debug|Any CPU
		{4E863C20-43C3-43A0-9678-8583B9614277}.Debug|Any CPU.Build.0 = Debug|Any CPU
		{4E863C20-43C3-43A0-9678-8583B9614277}.Release|Any CPU.ActiveCfg = Release|Any CPU
		{4E863C20-43C3-43A0-9678-8583B9614277}.Release|Any CPU.Build.0 = Release|Any CPU
	EndGlobalSection
	GlobalSection(SolutionProperties) = preSolution
		HideSolutionNode = FALSE
	EndGlobalSection
	GlobalSection(NestedProjects) = preSolution
		{BD205AD6-760E-48F3-BAB2-21447396BD17} = {4A43DAAC-F9FF-4EB1-BFBD-FB4655CCE1F7}
		{9238F6AA-2D63-4804-99D1-C279871F5669} = {4A43DAAC-F9FF-4EB1-BFBD-FB4655CCE1F7}
		{8FAFDF62-E07E-487A-863C-74F308AE7BA6} = {4A43DAAC-F9FF-4EB1-BFBD-FB4655CCE1F7}
		{4E863C20-43C3-43A0-9678-8583B9614277} = {4A43DAAC-F9FF-4EB1-BFBD-FB4655CCE1F7}
	EndGlobalSection
	GlobalSection(ExtensibilityGlobals) = postSolution
		SolutionGuid = {4720E610-698B-48DD-BBD7-03AC99E9BC90}
	EndGlobalSection
EndGlobal
