
Microsoft Visual Studio Solution File, Format Version 12.00
# Visual Studio 15
VisualStudioVersion = 15.0.26730.12
MinimumVisualStudioVersion = 10.0.40219.1
Project("{2150E333-8FDC-42A3-9474-1A3956D46DE8}") = "KeraLua", "KeraLua", "{4A43DAAC-F9FF-4EB1-BFBD-FB4655CCE1F7}"
EndProject
Project("{FAE04EC0-301F-11D3-BF4B-00C04F79EFBC}") = "KeraLua", "build\net45\KeraLua.csproj", "{C45805A8-6436-4738-BD9F-4632EEA63BBC}"
EndProject
Project("{D954291E-2A0B-460D-934E-DC6B0785DB48}") = "KeraLua.Shared", "src\KeraLua.Shared.shproj", "{BD205AD6-760E-48F3-BAB2-21447396BD17}"
EndProject
Project("{FAE04EC0-301F-11D3-BF4B-00C04F79EFBC}") = "KeraLua.XamarinMac", "build\XamarinMac\KeraLua.XamarinMac.csproj", "{CFE2185E-C344-4503-9B94-9046744CEF37}"
EndProject
Project("{FAE04EC0-301F-11D3-BF4B-00C04F79EFBC}") = "KeraLua.WatchOS", "build\WatchOS\KeraLua.WatchOS.csproj", "{BF6A650F-AA7A-4A08-8ADA-08D9E73E1238}"
EndProject
Project("{FAE04EC0-301F-11D3-BF4B-00C04F79EFBC}") = "KeraLua.TVOS", "build\TVOS\KeraLua.TVOS.csproj", "{9238F6AA-2D63-4804-99D1-C279871F5669}"
EndProject
Project("{FAE04EC0-301F-11D3-BF4B-00C04F79EFBC}") = "KeraLua.Android", "build\Android\KeraLua.Android.csproj", "{4B766E88-5872-4437-882D-C887A3C0CDF7}"
EndProject
Project("{FAE04EC0-301F-11D3-BF4B-00C04F79EFBC}") = "KeraLua.XamarinIOS", "build\XamariniOS\KeraLua.XamarinIOS.csproj", "{8FAFDF62-E07E-487A-863C-74F308AE7BA6}"
EndProject
Project("{9A19103F-16F7-4668-BE54-9A1E7A4F7556}") = "KeraLua.NetCore", "build\netcore\KeraLua.NetCore.csproj", "{078D8C1B-0CD3-4500-9400-687609C1299C}"
	ProjectSection(ProjectDependencies) = postProject
		{C45805A8-6436-4738-BD9F-4632EEA63BBC} = {C45805A8-6436-4738-BD9F-4632EEA63BBC}
	EndProjectSection
EndProject
Project("{2150E333-8FDC-42A3-9474-1A3956D46DE8}") = "Test", "Test", "{B3EAA632-D2D7-4272-9DB9-11F46C99DAE9}"
EndProject
Project("{9A19103F-16F7-4668-BE54-9A1E7A4F7556}") = "KeraLua.NetStandard20", "build\netstandard2.0\KeraLua.NetStandard20.csproj", "{23F44CC0-64E4-4E29-8A99-1A6DADB4BBB4}"
EndProject
Project("{FAE04EC0-301F-11D3-BF4B-00C04F79EFBC}") = "KeraLuaTest", "tests\net45\KeraLuaTest.csproj", "{20AE709C-FB97-48E3-89B0-A34A5C3DA1DB}"
EndProject
Project("{9A19103F-16F7-4668-BE54-9A1E7A4F7556}") = "KeraLuaTest.Core", "tests\netcore\KeraLuaTest.Core.csproj", "{74DFBCCD-C542-44D5-8C0B-713696D0ABC7}"
EndProject
Global
	GlobalSection(SharedMSBuildProjectFiles) = preSolution
		src\KeraLua.Core.projitems*{4b766e88-5872-4437-882d-c887a3c0cdf7}*SharedItemsImports = 4
		src\KeraLua.Core.projitems*{8fafdf62-e07e-487a-863c-74f308ae7ba6}*SharedItemsImports = 4
		src\KeraLua.Core.projitems*{9238f6aa-2d63-4804-99d1-c279871f5669}*SharedItemsImports = 4
		src\KeraLua.Core.projitems*{bd205ad6-760e-48f3-bab2-21447396bd17}*SharedItemsImports = 13
		src\KeraLua.Core.projitems*{bf6a650f-aa7a-4a08-8ada-08d9e73e1238}*SharedItemsImports = 4
		src\KeraLua.Core.projitems*{c45805a8-6436-4738-bd9f-4632eea63bbc}*SharedItemsImports = 4
		src\KeraLua.Core.projitems*{cfe2185e-c344-4503-9b94-9046744cef37}*SharedItemsImports = 4
	EndGlobalSection
	GlobalSection(SolutionConfigurationPlatforms) = preSolution
		Debug|Any CPU = Debug|Any CPU
		DebugAndroid|Any CPU = DebugAndroid|Any CPU
		DebugCore|Any CPU = DebugCore|Any CPU
		DebugMac|Any CPU = DebugMac|Any CPU
		Release|Any CPU = Release|Any CPU
		ReleaseAndroid|Any CPU = ReleaseAndroid|Any CPU
		ReleaseCore|Any CPU = ReleaseCore|Any CPU
		ReleaseMac|Any CPU = ReleaseMac|Any CPU
	EndGlobalSection
	GlobalSection(ProjectConfigurationPlatforms) = postSolution
		{C45805A8-6436-4738-BD9F-4632EEA63BBC}.Debug|Any CPU.ActiveCfg = Debug|Any CPU
		{C45805A8-6436-4738-BD9F-4632EEA63BBC}.Debug|Any CPU.Build.0 = Debug|Any CPU
		{C45805A8-6436-4738-BD9F-4632EEA63BBC}.DebugAndroid|Any CPU.ActiveCfg = Debug|Any CPU
		{C45805A8-6436-4738-BD9F-4632EEA63BBC}.DebugCore|Any CPU.ActiveCfg = Debug|Any CPU
		{C45805A8-6436-4738-BD9F-4632EEA63BBC}.DebugMac|Any CPU.ActiveCfg = Debug|Any CPU
		{C45805A8-6436-4738-BD9F-4632EEA63BBC}.Release|Any CPU.ActiveCfg = Release|Any CPU
		{C45805A8-6436-4738-BD9F-4632EEA63BBC}.Release|Any CPU.Build.0 = Release|Any CPU
		{C45805A8-6436-4738-BD9F-4632EEA63BBC}.ReleaseAndroid|Any CPU.ActiveCfg = Release|Any CPU
		{C45805A8-6436-4738-BD9F-4632EEA63BBC}.ReleaseCore|Any CPU.ActiveCfg = Release|Any CPU
		{C45805A8-6436-4738-BD9F-4632EEA63BBC}.ReleaseMac|Any CPU.ActiveCfg = Debug|Any CPU
		{CFE2185E-C344-4503-9B94-9046744CEF37}.Debug|Any CPU.ActiveCfg = Debug|Any CPU
		{CFE2185E-C344-4503-9B94-9046744CEF37}.DebugAndroid|Any CPU.ActiveCfg = Debug|Any CPU
		{CFE2185E-C344-4503-9B94-9046744CEF37}.DebugCore|Any CPU.ActiveCfg = Debug|Any CPU
		{CFE2185E-C344-4503-9B94-9046744CEF37}.DebugMac|Any CPU.ActiveCfg = Debug|Any CPU
		{CFE2185E-C344-4503-9B94-9046744CEF37}.DebugMac|Any CPU.Build.0 = Debug|Any CPU
		{CFE2185E-C344-4503-9B94-9046744CEF37}.Release|Any CPU.ActiveCfg = Release|Any CPU
		{CFE2185E-C344-4503-9B94-9046744CEF37}.ReleaseAndroid|Any CPU.ActiveCfg = Release|Any CPU
		{CFE2185E-C344-4503-9B94-9046744CEF37}.ReleaseCore|Any CPU.ActiveCfg = Release|Any CPU
		{CFE2185E-C344-4503-9B94-9046744CEF37}.ReleaseMac|Any CPU.ActiveCfg = Release|Any CPU
		{CFE2185E-C344-4503-9B94-9046744CEF37}.ReleaseMac|Any CPU.Build.0 = Release|Any CPU
		{BF6A650F-AA7A-4A08-8ADA-08D9E73E1238}.Debug|Any CPU.ActiveCfg = Debug|Any CPU
		{BF6A650F-AA7A-4A08-8ADA-08D9E73E1238}.DebugAndroid|Any CPU.ActiveCfg = Debug|Any CPU
		{BF6A650F-AA7A-4A08-8ADA-08D9E73E1238}.DebugCore|Any CPU.ActiveCfg = Debug|Any CPU
		{BF6A650F-AA7A-4A08-8ADA-08D9E73E1238}.DebugMac|Any CPU.ActiveCfg = Debug|Any CPU
		{BF6A650F-AA7A-4A08-8ADA-08D9E73E1238}.DebugMac|Any CPU.Build.0 = Debug|Any CPU
		{BF6A650F-AA7A-4A08-8ADA-08D9E73E1238}.Release|Any CPU.ActiveCfg = Release|Any CPU
		{BF6A650F-AA7A-4A08-8ADA-08D9E73E1238}.ReleaseAndroid|Any CPU.ActiveCfg = Release|Any CPU
		{BF6A650F-AA7A-4A08-8ADA-08D9E73E1238}.ReleaseCore|Any CPU.ActiveCfg = Release|Any CPU
		{BF6A650F-AA7A-4A08-8ADA-08D9E73E1238}.ReleaseMac|Any CPU.ActiveCfg = Release|Any CPU
		{BF6A650F-AA7A-4A08-8ADA-08D9E73E1238}.ReleaseMac|Any CPU.Build.0 = Release|Any CPU
		{9238F6AA-2D63-4804-99D1-C279871F5669}.Debug|Any CPU.ActiveCfg = Debug|Any CPU
		{9238F6AA-2D63-4804-99D1-C279871F5669}.DebugAndroid|Any CPU.ActiveCfg = Debug|Any CPU
		{9238F6AA-2D63-4804-99D1-C279871F5669}.DebugCore|Any CPU.ActiveCfg = Debug|Any CPU
		{9238F6AA-2D63-4804-99D1-C279871F5669}.DebugMac|Any CPU.ActiveCfg = Debug|Any CPU
		{9238F6AA-2D63-4804-99D1-C279871F5669}.DebugMac|Any CPU.Build.0 = Debug|Any CPU
		{9238F6AA-2D63-4804-99D1-C279871F5669}.Release|Any CPU.ActiveCfg = Release|Any CPU
		{9238F6AA-2D63-4804-99D1-C279871F5669}.ReleaseAndroid|Any CPU.ActiveCfg = Release|Any CPU
		{9238F6AA-2D63-4804-99D1-C279871F5669}.ReleaseCore|Any CPU.ActiveCfg = Release|Any CPU
		{9238F6AA-2D63-4804-99D1-C279871F5669}.ReleaseMac|Any CPU.ActiveCfg = Release|Any CPU
		{9238F6AA-2D63-4804-99D1-C279871F5669}.ReleaseMac|Any CPU.Build.0 = Release|Any CPU
		{4B766E88-5872-4437-882D-C887A3C0CDF7}.Debug|Any CPU.ActiveCfg = Debug|Any CPU
		{4B766E88-5872-4437-882D-C887A3C0CDF7}.DebugAndroid|Any CPU.ActiveCfg = Debug|Any CPU
		{4B766E88-5872-4437-882D-C887A3C0CDF7}.DebugAndroid|Any CPU.Build.0 = Debug|Any CPU
		{4B766E88-5872-4437-882D-C887A3C0CDF7}.DebugCore|Any CPU.ActiveCfg = Debug|Any CPU
		{4B766E88-5872-4437-882D-C887A3C0CDF7}.DebugMac|Any CPU.ActiveCfg = Debug|Any CPU
		{4B766E88-5872-4437-882D-C887A3C0CDF7}.Release|Any CPU.ActiveCfg = Release|Any CPU
		{4B766E88-5872-4437-882D-C887A3C0CDF7}.ReleaseAndroid|Any CPU.ActiveCfg = Release|Any CPU
		{4B766E88-5872-4437-882D-C887A3C0CDF7}.ReleaseAndroid|Any CPU.Build.0 = Release|Any CPU
		{4B766E88-5872-4437-882D-C887A3C0CDF7}.ReleaseCore|Any CPU.ActiveCfg = Release|Any CPU
		{4B766E88-5872-4437-882D-C887A3C0CDF7}.ReleaseMac|Any CPU.ActiveCfg = Debug|Any CPU
		{8FAFDF62-E07E-487A-863C-74F308AE7BA6}.Debug|Any CPU.ActiveCfg = Debug|Any CPU
		{8FAFDF62-E07E-487A-863C-74F308AE7BA6}.DebugAndroid|Any CPU.ActiveCfg = Debug|Any CPU
		{8FAFDF62-E07E-487A-863C-74F308AE7BA6}.DebugCore|Any CPU.ActiveCfg = Debug|Any CPU
		{8FAFDF62-E07E-487A-863C-74F308AE7BA6}.DebugMac|Any CPU.ActiveCfg = Debug|Any CPU
		{8FAFDF62-E07E-487A-863C-74F308AE7BA6}.DebugMac|Any CPU.Build.0 = Debug|Any CPU
		{8FAFDF62-E07E-487A-863C-74F308AE7BA6}.Release|Any CPU.ActiveCfg = Release|Any CPU
		{8FAFDF62-E07E-487A-863C-74F308AE7BA6}.ReleaseAndroid|Any CPU.ActiveCfg = Release|Any CPU
		{8FAFDF62-E07E-487A-863C-74F308AE7BA6}.ReleaseCore|Any CPU.ActiveCfg = Release|Any CPU
		{8FAFDF62-E07E-487A-863C-74F308AE7BA6}.ReleaseMac|Any CPU.ActiveCfg = Release|Any CPU
		{8FAFDF62-E07E-487A-863C-74F308AE7BA6}.ReleaseMac|Any CPU.Build.0 = Release|Any CPU
		{078D8C1B-0CD3-4500-9400-687609C1299C}.Debug|Any CPU.ActiveCfg = Debug|Any CPU
		{078D8C1B-0CD3-4500-9400-687609C1299C}.DebugAndroid|Any CPU.ActiveCfg = Debug|Any CPU
		{078D8C1B-0CD3-4500-9400-687609C1299C}.DebugCore|Any CPU.ActiveCfg = Debug|Any CPU
		{078D8C1B-0CD3-4500-9400-687609C1299C}.DebugCore|Any CPU.Build.0 = Debug|Any CPU
		{078D8C1B-0CD3-4500-9400-687609C1299C}.DebugMac|Any CPU.ActiveCfg = Debug|Any CPU
		{078D8C1B-0CD3-4500-9400-687609C1299C}.Release|Any CPU.ActiveCfg = Release|Any CPU
		{078D8C1B-0CD3-4500-9400-687609C1299C}.ReleaseAndroid|Any CPU.ActiveCfg = Release|Any CPU
		{078D8C1B-0CD3-4500-9400-687609C1299C}.ReleaseCore|Any CPU.ActiveCfg = Release|Any CPU
		{078D8C1B-0CD3-4500-9400-687609C1299C}.ReleaseCore|Any CPU.Build.0 = Release|Any CPU
		{078D8C1B-0CD3-4500-9400-687609C1299C}.ReleaseMac|Any CPU.ActiveCfg = Release|Any CPU
		{23F44CC0-64E4-4E29-8A99-1A6DADB4BBB4}.Debug|Any CPU.ActiveCfg = Debug|Any CPU
		{23F44CC0-64E4-4E29-8A99-1A6DADB4BBB4}.DebugAndroid|Any CPU.ActiveCfg = Debug|Any CPU
		{23F44CC0-64E4-4E29-8A99-1A6DADB4BBB4}.DebugCore|Any CPU.ActiveCfg = Debug|Any CPU
		{23F44CC0-64E4-4E29-8A99-1A6DADB4BBB4}.DebugCore|Any CPU.Build.0 = Debug|Any CPU
		{23F44CC0-64E4-4E29-8A99-1A6DADB4BBB4}.DebugMac|Any CPU.ActiveCfg = Debug|Any CPU
		{23F44CC0-64E4-4E29-8A99-1A6DADB4BBB4}.Release|Any CPU.ActiveCfg = Release|Any CPU
		{23F44CC0-64E4-4E29-8A99-1A6DADB4BBB4}.ReleaseAndroid|Any CPU.ActiveCfg = Release|Any CPU
		{23F44CC0-64E4-4E29-8A99-1A6DADB4BBB4}.ReleaseCore|Any CPU.ActiveCfg = Release|Any CPU
		{23F44CC0-64E4-4E29-8A99-1A6DADB4BBB4}.ReleaseCore|Any CPU.Build.0 = Release|Any CPU
		{23F44CC0-64E4-4E29-8A99-1A6DADB4BBB4}.ReleaseMac|Any CPU.ActiveCfg = Release|Any CPU
		{20AE709C-FB97-48E3-89B0-A34A5C3DA1DB}.Debug|Any CPU.ActiveCfg = Debug|Any CPU
		{20AE709C-FB97-48E3-89B0-A34A5C3DA1DB}.Debug|Any CPU.Build.0 = Debug|Any CPU
		{20AE709C-FB97-48E3-89B0-A34A5C3DA1DB}.DebugAndroid|Any CPU.ActiveCfg = Debug|Any CPU
		{20AE709C-FB97-48E3-89B0-A34A5C3DA1DB}.DebugAndroid|Any CPU.Build.0 = Debug|Any CPU
		{20AE709C-FB97-48E3-89B0-A34A5C3DA1DB}.DebugCore|Any CPU.ActiveCfg = Debug|Any CPU
		{20AE709C-FB97-48E3-89B0-A34A5C3DA1DB}.DebugCore|Any CPU.Build.0 = Debug|Any CPU
		{20AE709C-FB97-48E3-89B0-A34A5C3DA1DB}.DebugMac|Any CPU.ActiveCfg = Debug|Any CPU
		{20AE709C-FB97-48E3-89B0-A34A5C3DA1DB}.DebugMac|Any CPU.Build.0 = Debug|Any CPU
		{20AE709C-FB97-48E3-89B0-A34A5C3DA1DB}.Release|Any CPU.ActiveCfg = Release|Any CPU
		{20AE709C-FB97-48E3-89B0-A34A5C3DA1DB}.Release|Any CPU.Build.0 = Release|Any CPU
		{20AE709C-FB97-48E3-89B0-A34A5C3DA1DB}.ReleaseAndroid|Any CPU.ActiveCfg = Release|Any CPU
		{20AE709C-FB97-48E3-89B0-A34A5C3DA1DB}.ReleaseAndroid|Any CPU.Build.0 = Release|Any CPU
		{20AE709C-FB97-48E3-89B0-A34A5C3DA1DB}.ReleaseCore|Any CPU.ActiveCfg = Release|Any CPU
		{20AE709C-FB97-48E3-89B0-A34A5C3DA1DB}.ReleaseCore|Any CPU.Build.0 = Release|Any CPU
		{20AE709C-FB97-48E3-89B0-A34A5C3DA1DB}.ReleaseMac|Any CPU.ActiveCfg = Release|Any CPU
		{20AE709C-FB97-48E3-89B0-A34A5C3DA1DB}.ReleaseMac|Any CPU.Build.0 = Release|Any CPU
		{74DFBCCD-C542-44D5-8C0B-713696D0ABC7}.Debug|Any CPU.ActiveCfg = Debug|Any CPU
		{74DFBCCD-C542-44D5-8C0B-713696D0ABC7}.DebugAndroid|Any CPU.ActiveCfg = Debug|Any CPU
		{74DFBCCD-C542-44D5-8C0B-713696D0ABC7}.DebugCore|Any CPU.ActiveCfg = Debug|Any CPU
		{74DFBCCD-C542-44D5-8C0B-713696D0ABC7}.DebugCore|Any CPU.Build.0 = Debug|Any CPU
		{74DFBCCD-C542-44D5-8C0B-713696D0ABC7}.DebugMac|Any CPU.ActiveCfg = Debug|Any CPU
		{74DFBCCD-C542-44D5-8C0B-713696D0ABC7}.Release|Any CPU.ActiveCfg = Release|Any CPU
		{74DFBCCD-C542-44D5-8C0B-713696D0ABC7}.ReleaseAndroid|Any CPU.ActiveCfg = Release|Any CPU
		{74DFBCCD-C542-44D5-8C0B-713696D0ABC7}.ReleaseCore|Any CPU.ActiveCfg = Release|Any CPU
		{74DFBCCD-C542-44D5-8C0B-713696D0ABC7}.ReleaseCore|Any CPU.Build.0 = Release|Any CPU
		{74DFBCCD-C542-44D5-8C0B-713696D0ABC7}.ReleaseMac|Any CPU.ActiveCfg = Release|Any CPU
	EndGlobalSection
	GlobalSection(SolutionProperties) = preSolution
		HideSolutionNode = FALSE
	EndGlobalSection
	GlobalSection(NestedProjects) = preSolution
		{C45805A8-6436-4738-BD9F-4632EEA63BBC} = {4A43DAAC-F9FF-4EB1-BFBD-FB4655CCE1F7}
		{BD205AD6-760E-48F3-BAB2-21447396BD17} = {4A43DAAC-F9FF-4EB1-BFBD-FB4655CCE1F7}
		{CFE2185E-C344-4503-9B94-9046744CEF37} = {4A43DAAC-F9FF-4EB1-BFBD-FB4655CCE1F7}
		{BF6A650F-AA7A-4A08-8ADA-08D9E73E1238} = {4A43DAAC-F9FF-4EB1-BFBD-FB4655CCE1F7}
		{9238F6AA-2D63-4804-99D1-C279871F5669} = {4A43DAAC-F9FF-4EB1-BFBD-FB4655CCE1F7}
		{4B766E88-5872-4437-882D-C887A3C0CDF7} = {4A43DAAC-F9FF-4EB1-BFBD-FB4655CCE1F7}
		{8FAFDF62-E07E-487A-863C-74F308AE7BA6} = {4A43DAAC-F9FF-4EB1-BFBD-FB4655CCE1F7}
		{078D8C1B-0CD3-4500-9400-687609C1299C} = {4A43DAAC-F9FF-4EB1-BFBD-FB4655CCE1F7}
		{23F44CC0-64E4-4E29-8A99-1A6DADB4BBB4} = {4A43DAAC-F9FF-4EB1-BFBD-FB4655CCE1F7}
		{20AE709C-FB97-48E3-89B0-A34A5C3DA1DB} = {B3EAA632-D2D7-4272-9DB9-11F46C99DAE9}
		{74DFBCCD-C542-44D5-8C0B-713696D0ABC7} = {B3EAA632-D2D7-4272-9DB9-11F46C99DAE9}
	EndGlobalSection
	GlobalSection(ExtensibilityGlobals) = postSolution
		SolutionGuid = {4720E610-698B-48DD-BBD7-03AC99E9BC90}
	EndGlobalSection
EndGlobal
