
Microsoft Visual Studio Solution File, Format Version 11.00
# Visual Studio 2010
Project("{FAE04EC0-301F-11D3-BF4B-00C04F79EFBC}") = "KeraLua.iOS", "src\KeraLua.iOS.csproj", "{3F57C208-AA13-4B67-B3E7-ED41307F00A0}"
EndProject
Project("{FAE04EC0-301F-11D3-BF4B-00C04F79EFBC}") = "LuaSample.iOS", "sample\LuaSample.iOS\LuaSample.iOS.csproj", "{256AB610-5FFE-45FB-950E-A5394C2CB489}"
EndProject
Project("{FAE04EC0-301F-11D3-BF4B-00C04F79EFBC}") = "Tests.iOS", "tests\Tests.iOS\Tests.iOS.csproj", "{CE9EF094-721D-4FDE-B3EB-3591AD0B1744}"
EndProject
Global
	GlobalSection(SolutionConfigurationPlatforms) = preSolution
		Ad-Hoc|Any CPU = Ad-Hoc|Any CPU
		Ad-Hoc|iPhone = Ad-Hoc|iPhone
		Ad-Hoc|iPhoneSimulator = Ad-Hoc|iPhoneSimulator
		AppStore|Any CPU = AppStore|Any CPU
		AppStore|iPhone = AppStore|iPhone
		AppStore|iPhoneSimulator = AppStore|iPhoneSimulator
		Debug|Any CPU = Debug|Any CPU
		Debug|iPhone = Debug|iPhone
		Debug|iPhoneSimulator = Debug|iPhoneSimulator
		Release|Any CPU = Release|Any CPU
		Release|iPhone = Release|iPhone
		Release|iPhoneSimulator = Release|iPhoneSimulator
	EndGlobalSection
	GlobalSection(ProjectConfigurationPlatforms) = postSolution
		{256AB610-5FFE-45FB-950E-A5394C2CB489}.Ad-Hoc|Any CPU.ActiveCfg = Ad-Hoc|iPhoneSimulator
		{256AB610-5FFE-45FB-950E-A5394C2CB489}.Ad-Hoc|iPhone.ActiveCfg = Ad-Hoc|iPhone
		{256AB610-5FFE-45FB-950E-A5394C2CB489}.Ad-Hoc|iPhone.Build.0 = Ad-Hoc|iPhone
		{256AB610-5FFE-45FB-950E-A5394C2CB489}.Ad-Hoc|iPhoneSimulator.ActiveCfg = Ad-Hoc|iPhoneSimulator
		{256AB610-5FFE-45FB-950E-A5394C2CB489}.Ad-Hoc|iPhoneSimulator.Build.0 = Ad-Hoc|iPhoneSimulator
		{256AB610-5FFE-45FB-950E-A5394C2CB489}.AppStore|Any CPU.ActiveCfg = AppStore|iPhoneSimulator
		{256AB610-5FFE-45FB-950E-A5394C2CB489}.AppStore|iPhone.ActiveCfg = AppStore|iPhone
		{256AB610-5FFE-45FB-950E-A5394C2CB489}.AppStore|iPhone.Build.0 = AppStore|iPhone
		{256AB610-5FFE-45FB-950E-A5394C2CB489}.AppStore|iPhoneSimulator.ActiveCfg = AppStore|iPhoneSimulator
		{256AB610-5FFE-45FB-950E-A5394C2CB489}.AppStore|iPhoneSimulator.Build.0 = AppStore|iPhoneSimulator
		{256AB610-5FFE-45FB-950E-A5394C2CB489}.Debug|Any CPU.ActiveCfg = Debug|iPhoneSimulator
		{256AB610-5FFE-45FB-950E-A5394C2CB489}.Debug|Any CPU.Build.0 = Debug|iPhoneSimulator
		{256AB610-5FFE-45FB-950E-A5394C2CB489}.Debug|iPhone.ActiveCfg = Debug|iPhone
		{256AB610-5FFE-45FB-950E-A5394C2CB489}.Debug|iPhone.Build.0 = Debug|iPhone
		{256AB610-5FFE-45FB-950E-A5394C2CB489}.Debug|iPhoneSimulator.ActiveCfg = Debug|iPhoneSimulator
		{256AB610-5FFE-45FB-950E-A5394C2CB489}.Debug|iPhoneSimulator.Build.0 = Debug|iPhoneSimulator
		{256AB610-5FFE-45FB-950E-A5394C2CB489}.Release|Any CPU.ActiveCfg = Release|iPhoneSimulator
		{256AB610-5FFE-45FB-950E-A5394C2CB489}.Release|Any CPU.Build.0 = Release|iPhoneSimulator
		{256AB610-5FFE-45FB-950E-A5394C2CB489}.Release|iPhone.ActiveCfg = Release|iPhone
		{256AB610-5FFE-45FB-950E-A5394C2CB489}.Release|iPhone.Build.0 = Release|iPhone
		{256AB610-5FFE-45FB-950E-A5394C2CB489}.Release|iPhoneSimulator.ActiveCfg = Release|iPhoneSimulator
		{256AB610-5FFE-45FB-950E-A5394C2CB489}.Release|iPhoneSimulator.Build.0 = Release|iPhoneSimulator
		{3F57C208-AA13-4B67-B3E7-ED41307F00A0}.Ad-Hoc|Any CPU.ActiveCfg = Release|Any CPU
		{3F57C208-AA13-4B67-B3E7-ED41307F00A0}.Ad-Hoc|Any CPU.Build.0 = Release|Any CPU
		{3F57C208-AA13-4B67-B3E7-ED41307F00A0}.Ad-Hoc|iPhone.ActiveCfg = Debug|Any CPU
		{3F57C208-AA13-4B67-B3E7-ED41307F00A0}.Ad-Hoc|iPhone.Build.0 = Debug|Any CPU
		{3F57C208-AA13-4B67-B3E7-ED41307F00A0}.Ad-Hoc|iPhoneSimulator.ActiveCfg = Release|Any CPU
		{3F57C208-AA13-4B67-B3E7-ED41307F00A0}.AppStore|Any CPU.ActiveCfg = Release|Any CPU
		{3F57C208-AA13-4B67-B3E7-ED41307F00A0}.AppStore|Any CPU.Build.0 = Release|Any CPU
		{3F57C208-AA13-4B67-B3E7-ED41307F00A0}.AppStore|iPhone.ActiveCfg = Debug|Any CPU
		{3F57C208-AA13-4B67-B3E7-ED41307F00A0}.AppStore|iPhone.Build.0 = Debug|Any CPU
		{3F57C208-AA13-4B67-B3E7-ED41307F00A0}.AppStore|iPhoneSimulator.ActiveCfg = Release|Any CPU
		{3F57C208-AA13-4B67-B3E7-ED41307F00A0}.Debug|Any CPU.ActiveCfg = Debug|Any CPU
		{3F57C208-AA13-4B67-B3E7-ED41307F00A0}.Debug|Any CPU.Build.0 = Debug|Any CPU
		{3F57C208-AA13-4B67-B3E7-ED41307F00A0}.Debug|iPhone.ActiveCfg = Debug|Any CPU
		{3F57C208-AA13-4B67-B3E7-ED41307F00A0}.Debug|iPhone.Build.0 = Debug|Any CPU
		{3F57C208-AA13-4B67-B3E7-ED41307F00A0}.Debug|iPhoneSimulator.ActiveCfg = Debug|Any CPU
		{3F57C208-AA13-4B67-B3E7-ED41307F00A0}.Debug|iPhoneSimulator.Build.0 = Debug|Any CPU
		{3F57C208-AA13-4B67-B3E7-ED41307F00A0}.Release|Any CPU.ActiveCfg = Release|Any CPU
		{3F57C208-AA13-4B67-B3E7-ED41307F00A0}.Release|Any CPU.Build.0 = Release|Any CPU
		{3F57C208-AA13-4B67-B3E7-ED41307F00A0}.Release|iPhone.ActiveCfg = Release|Any CPU
		{3F57C208-AA13-4B67-B3E7-ED41307F00A0}.Release|iPhone.Build.0 = Release|Any CPU
		{3F57C208-AA13-4B67-B3E7-ED41307F00A0}.Release|iPhoneSimulator.ActiveCfg = Release|Any CPU
		{3F57C208-AA13-4B67-B3E7-ED41307F00A0}.Release|iPhoneSimulator.Build.0 = Release|Any CPU
		{CE9EF094-721D-4FDE-B3EB-3591AD0B1744}.Ad-Hoc|Any CPU.ActiveCfg = Ad-Hoc|iPhoneSimulator
		{CE9EF094-721D-4FDE-B3EB-3591AD0B1744}.Ad-Hoc|iPhone.ActiveCfg = Ad-Hoc|iPhone
		{CE9EF094-721D-4FDE-B3EB-3591AD0B1744}.Ad-Hoc|iPhone.Build.0 = Ad-Hoc|iPhone
		{CE9EF094-721D-4FDE-B3EB-3591AD0B1744}.Ad-Hoc|iPhoneSimulator.ActiveCfg = Ad-Hoc|iPhoneSimulator
		{CE9EF094-721D-4FDE-B3EB-3591AD0B1744}.Ad-Hoc|iPhoneSimulator.Build.0 = Ad-Hoc|iPhoneSimulator
		{CE9EF094-721D-4FDE-B3EB-3591AD0B1744}.AppStore|Any CPU.ActiveCfg = AppStore|iPhoneSimulator
		{CE9EF094-721D-4FDE-B3EB-3591AD0B1744}.AppStore|iPhone.ActiveCfg = AppStore|iPhone
		{CE9EF094-721D-4FDE-B3EB-3591AD0B1744}.AppStore|iPhone.Build.0 = AppStore|iPhone
		{CE9EF094-721D-4FDE-B3EB-3591AD0B1744}.AppStore|iPhoneSimulator.ActiveCfg = AppStore|iPhoneSimulator
		{CE9EF094-721D-4FDE-B3EB-3591AD0B1744}.AppStore|iPhoneSimulator.Build.0 = AppStore|iPhoneSimulator
		{CE9EF094-721D-4FDE-B3EB-3591AD0B1744}.Debug|Any CPU.ActiveCfg = Debug|iPhoneSimulator
		{CE9EF094-721D-4FDE-B3EB-3591AD0B1744}.Debug|Any CPU.Build.0 = Debug|iPhoneSimulator
		{CE9EF094-721D-4FDE-B3EB-3591AD0B1744}.Debug|iPhone.ActiveCfg = Debug|iPhone
		{CE9EF094-721D-4FDE-B3EB-3591AD0B1744}.Debug|iPhone.Build.0 = Debug|iPhone
		{CE9EF094-721D-4FDE-B3EB-3591AD0B1744}.Debug|iPhoneSimulator.ActiveCfg = Debug|iPhoneSimulator
		{CE9EF094-721D-4FDE-B3EB-3591AD0B1744}.Debug|iPhoneSimulator.Build.0 = Debug|iPhoneSimulator
		{CE9EF094-721D-4FDE-B3EB-3591AD0B1744}.Release|Any CPU.ActiveCfg = Release|iPhoneSimulator
		{CE9EF094-721D-4FDE-B3EB-3591AD0B1744}.Release|Any CPU.Build.0 = Release|iPhoneSimulator
		{CE9EF094-721D-4FDE-B3EB-3591AD0B1744}.Release|iPhone.ActiveCfg = Release|iPhone
		{CE9EF094-721D-4FDE-B3EB-3591AD0B1744}.Release|iPhone.Build.0 = Release|iPhone
		{CE9EF094-721D-4FDE-B3EB-3591AD0B1744}.Release|iPhoneSimulator.ActiveCfg = Release|iPhoneSimulator
		{CE9EF094-721D-4FDE-B3EB-3591AD0B1744}.Release|iPhoneSimulator.Build.0 = Release|iPhoneSimulator
	EndGlobalSection
	GlobalSection(MonoDevelopProperties) = preSolution
		StartupItem = tests\Tests.iOS\Tests.iOS.csproj
	EndGlobalSection
	GlobalSection(SolutionProperties) = preSolution
		HideSolutionNode = FALSE
	EndGlobalSection
EndGlobal
